
Microsoft Visual Studio Solution File, Format Version 12.00
# Visual Studio Version 16
VisualStudioVersion = 16.0.32228.343
MinimumVisualStudioVersion = 10.0.40219.1
Project("{FAE04EC0-301F-11D3-BF4B-00C04F79EFBC}") = "Datos", "Datos\Datos.csproj", "{48D29F69-A180-4C39-BAD1-252E6027F6C6}"
EndProject
Project("{FAE04EC0-301F-11D3-BF4B-00C04F79EFBC}") = "Negocios", "Negocios\Negocios.csproj", "{F968938C-B647-4586-9B78-0ADE190E7F12}"
EndProject
Project("{FAE04EC0-301F-11D3-BF4B-00C04F79EFBC}") = "Presentacion", "Presentacion\Presentacion.csproj", "{BCDEA92F-185B-4E19-9B8B-04BD210319F3}"
EndProject
Global
	GlobalSection(SolutionConfigurationPlatforms) = preSolution
		Debug|Any CPU = Debug|Any CPU
		Release|Any CPU = Release|Any CPU
	EndGlobalSection
	GlobalSection(ProjectConfigurationPlatforms) = postSolution
		{48D29F69-A180-4C39-BAD1-252E6027F6C6}.Debug|Any CPU.ActiveCfg = Debug|Any CPU
		{48D29F69-A180-4C39-BAD1-252E6027F6C6}.Debug|Any CPU.Build.0 = Debug|Any CPU
		{48D29F69-A180-4C39-BAD1-252E6027F6C6}.Release|Any CPU.ActiveCfg = Release|Any CPU
		{48D29F69-A180-4C39-BAD1-252E6027F6C6}.Release|Any CPU.Build.0 = Release|Any CPU
		{F968938C-B647-4586-9B78-0ADE190E7F12}.Debug|Any CPU.ActiveCfg = Debug|Any CPU
		{F968938C-B647-4586-9B78-0ADE190E7F12}.Debug|Any CPU.Build.0 = Debug|Any CPU
		{F968938C-B647-4586-9B78-0ADE190E7F12}.Release|Any CPU.ActiveCfg = Release|Any CPU
		{F968938C-B647-4586-9B78-0ADE190E7F12}.Release|Any CPU.Build.0 = Release|Any CPU
		{BCDEA92F-185B-4E19-9B8B-04BD210319F3}.Debug|Any CPU.ActiveCfg = Debug|Any CPU
		{BCDEA92F-185B-4E19-9B8B-04BD210319F3}.Debug|Any CPU.Build.0 = Debug|Any CPU
		{BCDEA92F-185B-4E19-9B8B-04BD210319F3}.Release|Any CPU.ActiveCfg = Release|Any CPU
		{BCDEA92F-185B-4E19-9B8B-04BD210319F3}.Release|Any CPU.Build.0 = Release|Any CPU
	EndGlobalSection
	GlobalSection(SolutionProperties) = preSolution
		HideSolutionNode = FALSE
	EndGlobalSection
	GlobalSection(ExtensibilityGlobals) = postSolution
		SolutionGuid = {977AF805-F17E-4509-ABF5-F53A0A6B5253}
	EndGlobalSection
EndGlobal
